
Microsoft Visual Studio Solution File, Format Version 12.00
# Visual Studio Version 17
VisualStudioVersion = 17.0.32112.339
MinimumVisualStudioVersion = 10.0.40219.1
Project("{2150E333-8FDC-42A3-9474-1A3956D46DE8}") = "1 - Api", "1 - Api", "{2D09B18C-EAC9-43E9-B910-09A8E4F0140F}"
EndProject
Project("{9A19103F-16F7-4668-BE54-9A1E7A4F7556}") = "Risk", "Risk\Risk.csproj", "{2D2945AC-6F14-4E73-B736-29AB3D5C6211}"
EndProject
Project("{9A19103F-16F7-4668-BE54-9A1E7A4F7556}") = "Notification", "Notification\Notification.csproj", "{308FF10F-9200-4374-B692-A04E9A289FEA}"
EndProject
Project("{9A19103F-16F7-4668-BE54-9A1E7A4F7556}") = "Invoice", "Invoice\Invoice.csproj", "{B5E3568B-D253-4485-9079-EFD05C9D09F3}"
EndProject
Project("{9A19103F-16F7-4668-BE54-9A1E7A4F7556}") = "CustomerData", "CustomerData\CustomerData.csproj", "{67CE101D-9BB5-4219-ACDC-C351673DC677}"
EndProject
Project("{2150E333-8FDC-42A3-9474-1A3956D46DE8}") = "4 - Data", "4 - Data", "{194658B3-A34E-47EF-85FA-DFA1032662E5}"
EndProject
Project("{2150E333-8FDC-42A3-9474-1A3956D46DE8}") = "3 - Domain", "3 - Domain", "{4A6DC675-1382-476F-AC5E-6DA01FCCB27C}"
EndProject
Project("{2150E333-8FDC-42A3-9474-1A3956D46DE8}") = "2 - Service", "2 - Service", "{EB5BC14D-4372-475C-B3C5-E523EB51DA23}"
EndProject
Project("{9A19103F-16F7-4668-BE54-9A1E7A4F7556}") = "ECommerce.Domain", "Domain\ECommerce.Domain.csproj", "{ACBE9D3A-A65C-4E7A-8DDF-E7B31BF7B414}"
EndProject
Project("{9A19103F-16F7-4668-BE54-9A1E7A4F7556}") = "ECommerce.Service", "Service\ECommerce.Service.csproj", "{B718C329-F3A1-4CAF-866A-8CBB28608B72}"
EndProject
Project("{9A19103F-16F7-4668-BE54-9A1E7A4F7556}") = "ECommerce.Data", "Data\ECommerce.Data.csproj", "{DCB2574E-609C-454C-B0FE-716A8C4EF4F2}"
EndProject
Project("{2150E333-8FDC-42A3-9474-1A3956D46DE8}") = "5 - Repository", "5 - Repository", "{D0881004-0596-4E3D-A26B-E733132485C6}"
EndProject
Project("{9A19103F-16F7-4668-BE54-9A1E7A4F7556}") = "ECommerce.Repository", "Repository\ECommerce.Repository.csproj", "{E1C02139-6477-4CA4-A76D-119126F27526}"
EndProject
Project("{2150E333-8FDC-42A3-9474-1A3956D46DE8}") = "6 - Infra", "6 - Infra", "{0A24C418-926C-4872-A36B-9D3BD3A894D7}"
EndProject
Project("{9A19103F-16F7-4668-BE54-9A1E7A4F7556}") = "ECommerce.Infra", "ECommerce.Infra\ECommerce.Infra.csproj", "{D5994555-04D5-4FB8-9197-2E067A4DB22B}"
EndProject
Global
	GlobalSection(SolutionConfigurationPlatforms) = preSolution
		Debug|Any CPU = Debug|Any CPU
		Release|Any CPU = Release|Any CPU
	EndGlobalSection
	GlobalSection(ProjectConfigurationPlatforms) = postSolution
		{2D2945AC-6F14-4E73-B736-29AB3D5C6211}.Debug|Any CPU.ActiveCfg = Debug|Any CPU
		{2D2945AC-6F14-4E73-B736-29AB3D5C6211}.Debug|Any CPU.Build.0 = Debug|Any CPU
		{2D2945AC-6F14-4E73-B736-29AB3D5C6211}.Release|Any CPU.ActiveCfg = Release|Any CPU
		{2D2945AC-6F14-4E73-B736-29AB3D5C6211}.Release|Any CPU.Build.0 = Release|Any CPU
		{308FF10F-9200-4374-B692-A04E9A289FEA}.Debug|Any CPU.ActiveCfg = Debug|Any CPU
		{308FF10F-9200-4374-B692-A04E9A289FEA}.Debug|Any CPU.Build.0 = Debug|Any CPU
		{308FF10F-9200-4374-B692-A04E9A289FEA}.Release|Any CPU.ActiveCfg = Release|Any CPU
		{308FF10F-9200-4374-B692-A04E9A289FEA}.Release|Any CPU.Build.0 = Release|Any CPU
		{B5E3568B-D253-4485-9079-EFD05C9D09F3}.Debug|Any CPU.ActiveCfg = Debug|Any CPU
		{B5E3568B-D253-4485-9079-EFD05C9D09F3}.Debug|Any CPU.Build.0 = Debug|Any CPU
		{B5E3568B-D253-4485-9079-EFD05C9D09F3}.Release|Any CPU.ActiveCfg = Release|Any CPU
		{B5E3568B-D253-4485-9079-EFD05C9D09F3}.Release|Any CPU.Build.0 = Release|Any CPU
		{67CE101D-9BB5-4219-ACDC-C351673DC677}.Debug|Any CPU.ActiveCfg = Debug|Any CPU
		{67CE101D-9BB5-4219-ACDC-C351673DC677}.Debug|Any CPU.Build.0 = Debug|Any CPU
		{67CE101D-9BB5-4219-ACDC-C351673DC677}.Release|Any CPU.ActiveCfg = Release|Any CPU
		{67CE101D-9BB5-4219-ACDC-C351673DC677}.Release|Any CPU.Build.0 = Release|Any CPU
		{ACBE9D3A-A65C-4E7A-8DDF-E7B31BF7B414}.Debug|Any CPU.ActiveCfg = Debug|Any CPU
		{ACBE9D3A-A65C-4E7A-8DDF-E7B31BF7B414}.Debug|Any CPU.Build.0 = Debug|Any CPU
		{ACBE9D3A-A65C-4E7A-8DDF-E7B31BF7B414}.Release|Any CPU.ActiveCfg = Release|Any CPU
		{ACBE9D3A-A65C-4E7A-8DDF-E7B31BF7B414}.Release|Any CPU.Build.0 = Release|Any CPU
		{B718C329-F3A1-4CAF-866A-8CBB28608B72}.Debug|Any CPU.ActiveCfg = Debug|Any CPU
		{B718C329-F3A1-4CAF-866A-8CBB28608B72}.Debug|Any CPU.Build.0 = Debug|Any CPU
		{B718C329-F3A1-4CAF-866A-8CBB28608B72}.Release|Any CPU.ActiveCfg = Release|Any CPU
		{B718C329-F3A1-4CAF-866A-8CBB28608B72}.Release|Any CPU.Build.0 = Release|Any CPU
		{DCB2574E-609C-454C-B0FE-716A8C4EF4F2}.Debug|Any CPU.ActiveCfg = Debug|Any CPU
		{DCB2574E-609C-454C-B0FE-716A8C4EF4F2}.Debug|Any CPU.Build.0 = Debug|Any CPU
		{DCB2574E-609C-454C-B0FE-716A8C4EF4F2}.Release|Any CPU.ActiveCfg = Release|Any CPU
		{DCB2574E-609C-454C-B0FE-716A8C4EF4F2}.Release|Any CPU.Build.0 = Release|Any CPU
		{E1C02139-6477-4CA4-A76D-119126F27526}.Debug|Any CPU.ActiveCfg = Debug|Any CPU
		{E1C02139-6477-4CA4-A76D-119126F27526}.Debug|Any CPU.Build.0 = Debug|Any CPU
		{E1C02139-6477-4CA4-A76D-119126F27526}.Release|Any CPU.ActiveCfg = Release|Any CPU
		{E1C02139-6477-4CA4-A76D-119126F27526}.Release|Any CPU.Build.0 = Release|Any CPU
		{D5994555-04D5-4FB8-9197-2E067A4DB22B}.Debug|Any CPU.ActiveCfg = Debug|Any CPU
		{D5994555-04D5-4FB8-9197-2E067A4DB22B}.Debug|Any CPU.Build.0 = Debug|Any CPU
		{D5994555-04D5-4FB8-9197-2E067A4DB22B}.Release|Any CPU.ActiveCfg = Release|Any CPU
		{D5994555-04D5-4FB8-9197-2E067A4DB22B}.Release|Any CPU.Build.0 = Release|Any CPU
	EndGlobalSection
	GlobalSection(SolutionProperties) = preSolution
		HideSolutionNode = FALSE
	EndGlobalSection
	GlobalSection(NestedProjects) = preSolution
		{2D2945AC-6F14-4E73-B736-29AB3D5C6211} = {2D09B18C-EAC9-43E9-B910-09A8E4F0140F}
		{308FF10F-9200-4374-B692-A04E9A289FEA} = {2D09B18C-EAC9-43E9-B910-09A8E4F0140F}
		{B5E3568B-D253-4485-9079-EFD05C9D09F3} = {2D09B18C-EAC9-43E9-B910-09A8E4F0140F}
		{67CE101D-9BB5-4219-ACDC-C351673DC677} = {2D09B18C-EAC9-43E9-B910-09A8E4F0140F}
		{ACBE9D3A-A65C-4E7A-8DDF-E7B31BF7B414} = {4A6DC675-1382-476F-AC5E-6DA01FCCB27C}
		{B718C329-F3A1-4CAF-866A-8CBB28608B72} = {EB5BC14D-4372-475C-B3C5-E523EB51DA23}
		{DCB2574E-609C-454C-B0FE-716A8C4EF4F2} = {194658B3-A34E-47EF-85FA-DFA1032662E5}
		{E1C02139-6477-4CA4-A76D-119126F27526} = {D0881004-0596-4E3D-A26B-E733132485C6}
		{D5994555-04D5-4FB8-9197-2E067A4DB22B} = {0A24C418-926C-4872-A36B-9D3BD3A894D7}
	EndGlobalSection
	GlobalSection(ExtensibilityGlobals) = postSolution
		SolutionGuid = {BF7A38E3-C880-4E04-96CA-A9288158AF04}
	EndGlobalSection
EndGlobal
