
Microsoft Visual Studio Solution File, Format Version 12.00
Project("{2150E333-8FDC-42A3-9474-1A3956D46DE8}") = "1-API", "1-API", "{1B5C7D03-F5AC-4F3B-95F9-84F0D3CD8806}"
EndProject
Project("{2150E333-8FDC-42A3-9474-1A3956D46DE8}") = "2-Service", "2-Service", "{BDEA2B7E-EAB5-4BDA-A363-A67A0A67234A}"
EndProject
Project("{2150E333-8FDC-42A3-9474-1A3956D46DE8}") = "3-Repository", "3-Repository", "{767D53C6-D1B0-44F8-96E2-9986F1A612A7}"
EndProject
Project("{FAE04EC0-301F-11D3-BF4B-00C04F79EFBC}") = "Customer.API", "Customer.API\Customer.API.csproj", "{21E1EF6A-BBC1-482B-AA73-8CF44F60D3F5}"
EndProject
Project("{FAE04EC0-301F-11D3-BF4B-00C04F79EFBC}") = "Customer.Service", "Customer.Service\Customer.Service.csproj", "{5E1B532B-D8BB-4C0D-BA83-E5E2C86694BE}"
EndProject
Project("{FAE04EC0-301F-11D3-BF4B-00C04F79EFBC}") = "Customer.Repository", "Customer.Repository\Customer.Repository.csproj", "{65775B6C-4602-4FCF-90D7-721DD054527D}"
EndProject
Global
	GlobalSection(SolutionConfigurationPlatforms) = preSolution
		Debug|Any CPU = Debug|Any CPU
		Release|Any CPU = Release|Any CPU
	EndGlobalSection
	GlobalSection(NestedProjects) = preSolution
		{21E1EF6A-BBC1-482B-AA73-8CF44F60D3F5} = {1B5C7D03-F5AC-4F3B-95F9-84F0D3CD8806}
		{5E1B532B-D8BB-4C0D-BA83-E5E2C86694BE} = {BDEA2B7E-EAB5-4BDA-A363-A67A0A67234A}
		{65775B6C-4602-4FCF-90D7-721DD054527D} = {767D53C6-D1B0-44F8-96E2-9986F1A612A7}
	EndGlobalSection
	GlobalSection(ProjectConfigurationPlatforms) = postSolution
		{21E1EF6A-BBC1-482B-AA73-8CF44F60D3F5}.Debug|Any CPU.ActiveCfg = Debug|Any CPU
		{21E1EF6A-BBC1-482B-AA73-8CF44F60D3F5}.Debug|Any CPU.Build.0 = Debug|Any CPU
		{21E1EF6A-BBC1-482B-AA73-8CF44F60D3F5}.Release|Any CPU.ActiveCfg = Release|Any CPU
		{21E1EF6A-BBC1-482B-AA73-8CF44F60D3F5}.Release|Any CPU.Build.0 = Release|Any CPU
		{5E1B532B-D8BB-4C0D-BA83-E5E2C86694BE}.Debug|Any CPU.ActiveCfg = Debug|Any CPU
		{5E1B532B-D8BB-4C0D-BA83-E5E2C86694BE}.Debug|Any CPU.Build.0 = Debug|Any CPU
		{5E1B532B-D8BB-4C0D-BA83-E5E2C86694BE}.Release|Any CPU.ActiveCfg = Release|Any CPU
		{5E1B532B-D8BB-4C0D-BA83-E5E2C86694BE}.Release|Any CPU.Build.0 = Release|Any CPU
		{65775B6C-4602-4FCF-90D7-721DD054527D}.Debug|Any CPU.ActiveCfg = Debug|Any CPU
		{65775B6C-4602-4FCF-90D7-721DD054527D}.Debug|Any CPU.Build.0 = Debug|Any CPU
		{65775B6C-4602-4FCF-90D7-721DD054527D}.Release|Any CPU.ActiveCfg = Release|Any CPU
		{65775B6C-4602-4FCF-90D7-721DD054527D}.Release|Any CPU.Build.0 = Release|Any CPU
	EndGlobalSection
EndGlobal
